// !$*UTF8*$!
{
	archiveVersion = 1;
	classes = {
	};
	objectVersion = 46;
	objects = {

/* Begin PBXBuildFile section */
		3B14C9D504FCF28B1F1D78C7 /* Pods_fit360Tests.framework in Frameworks */ = {isa = PBXBuildFile; fileRef = 33DE0B7B08CEF0530788012A /* Pods_fit360Tests.framework */; };
		D41A831C1DBC1C8000283B26 /* DietCreationModel.swift in Sources */ = {isa = PBXBuildFile; fileRef = D41A831B1DBC1C8000283B26 /* DietCreationModel.swift */; };
		D437464C1DF7486700A60774 /* foodItemTests.swift in Sources */ = {isa = PBXBuildFile; fileRef = D437464B1DF7486700A60774 /* foodItemTests.swift */; };
		D437464E1DF8C81700A60774 /* Meal.swift in Sources */ = {isa = PBXBuildFile; fileRef = D437464D1DF8C81700A60774 /* Meal.swift */; };
		D437464F1DF8C81700A60774 /* Meal.swift in Sources */ = {isa = PBXBuildFile; fileRef = D437464D1DF8C81700A60774 /* Meal.swift */; };
		D43746511DFB6E3A00A60774 /* mealTests.swift in Sources */ = {isa = PBXBuildFile; fileRef = D43746501DFB6E3A00A60774 /* mealTests.swift */; };
		D45FF68F1DD25DE2003C0ED5 /* FoodItem.swift in Sources */ = {isa = PBXBuildFile; fileRef = D45FF68E1DD25DE2003C0ED5 /* FoodItem.swift */; };
		D4792B951D9B201C000069B3 /* AppDelegate.swift in Sources */ = {isa = PBXBuildFile; fileRef = D4792B941D9B201C000069B3 /* AppDelegate.swift */; };
		D4792B971D9B201C000069B3 /* DietCreationViewController.swift in Sources */ = {isa = PBXBuildFile; fileRef = D4792B961D9B201C000069B3 /* DietCreationViewController.swift */; };
		D4792B9A1D9B201C000069B3 /* Main.storyboard in Resources */ = {isa = PBXBuildFile; fileRef = D4792B981D9B201C000069B3 /* Main.storyboard */; };
		D4792B9C1D9B201C000069B3 /* Assets.xcassets in Resources */ = {isa = PBXBuildFile; fileRef = D4792B9B1D9B201C000069B3 /* Assets.xcassets */; };
		D4792B9F1D9B201C000069B3 /* LaunchScreen.storyboard in Resources */ = {isa = PBXBuildFile; fileRef = D4792B9D1D9B201C000069B3 /* LaunchScreen.storyboard */; };
		D4792BB51D9B201C000069B3 /* fit360UITests.swift in Sources */ = {isa = PBXBuildFile; fileRef = D4792BB41D9B201C000069B3 /* fit360UITests.swift */; };
		D4792BC31D9B20B2000069B3 /* GoogleService-Info.plist in Resources */ = {isa = PBXBuildFile; fileRef = D4792BC21D9B20B2000069B3 /* GoogleService-Info.plist */; };
		D4CAADF01DFB7882001B80D9 /* FoodItem.swift in Sources */ = {isa = PBXBuildFile; fileRef = D45FF68E1DD25DE2003C0ED5 /* FoodItem.swift */; };
		D4CAADF21DFCBA0C001B80D9 /* Errors.swift in Sources */ = {isa = PBXBuildFile; fileRef = D4CAADF11DFCBA0C001B80D9 /* Errors.swift */; };
		D4CAADF31DFCBA0C001B80D9 /* Errors.swift in Sources */ = {isa = PBXBuildFile; fileRef = D4CAADF11DFCBA0C001B80D9 /* Errors.swift */; };
		D4CAADF41DFCBA0C001B80D9 /* Errors.swift in Sources */ = {isa = PBXBuildFile; fileRef = D4CAADF11DFCBA0C001B80D9 /* Errors.swift */; };
		D4EA77EA1E072FB400902CE9 /* MealPlanManager.swift in Sources */ = {isa = PBXBuildFile; fileRef = D4EA77E91E072FB400902CE9 /* MealPlanManager.swift */; };
		D4EA77EB1E072FBB00902CE9 /* MealPlanManager.swift in Sources */ = {isa = PBXBuildFile; fileRef = D4EA77E91E072FB400902CE9 /* MealPlanManager.swift */; };
		D4EA77ED1E072FED00902CE9 /* mealPlanManagerTests.swift in Sources */ = {isa = PBXBuildFile; fileRef = D4EA77EC1E072FED00902CE9 /* mealPlanManagerTests.swift */; };
		D4EA77EF1E0D638400902CE9 /* MealPlan.swift in Sources */ = {isa = PBXBuildFile; fileRef = D4EA77EE1E0D638400902CE9 /* MealPlan.swift */; };
		D4EA77F01E0D638400902CE9 /* MealPlan.swift in Sources */ = {isa = PBXBuildFile; fileRef = D4EA77EE1E0D638400902CE9 /* MealPlan.swift */; };
		E481E4A4029879462507D0EE /* Pods_fit360UITests.framework in Frameworks */ = {isa = PBXBuildFile; fileRef = 89FD41A3015DAB20C210F2D7 /* Pods_fit360UITests.framework */; };
		F0056065E88EE8EAA5D175BE /* Pods_fit360.framework in Frameworks */ = {isa = PBXBuildFile; fileRef = 2B55ED3095F379640DA87377 /* Pods_fit360.framework */; };
/* End PBXBuildFile section */

/* Begin PBXContainerItemProxy section */
		D4792BA61D9B201C000069B3 /* PBXContainerItemProxy */ = {
			isa = PBXContainerItemProxy;
			containerPortal = D4792B891D9B201B000069B3 /* Project object */;
			proxyType = 1;
			remoteGlobalIDString = D4792B901D9B201C000069B3;
			remoteInfo = fit360;
		};
		D4792BB11D9B201C000069B3 /* PBXContainerItemProxy */ = {
			isa = PBXContainerItemProxy;
			containerPortal = D4792B891D9B201B000069B3 /* Project object */;
			proxyType = 1;
			remoteGlobalIDString = D4792B901D9B201C000069B3;
			remoteInfo = fit360;
		};
/* End PBXContainerItemProxy section */

/* Begin PBXFileReference section */
		2B55ED3095F379640DA87377 /* Pods_fit360.framework */ = {isa = PBXFileReference; explicitFileType = wrapper.framework; includeInIndex = 0; path = Pods_fit360.framework; sourceTree = BUILT_PRODUCTS_DIR; };
		33DE0B7B08CEF0530788012A /* Pods_fit360Tests.framework */ = {isa = PBXFileReference; explicitFileType = wrapper.framework; includeInIndex = 0; path = Pods_fit360Tests.framework; sourceTree = BUILT_PRODUCTS_DIR; };
		69853BC8045BDAA67F5E3EC7 /* Pods-fit360.release.xcconfig */ = {isa = PBXFileReference; includeInIndex = 1; lastKnownFileType = text.xcconfig; name = "Pods-fit360.release.xcconfig"; path = "Pods/Target Support Files/Pods-fit360/Pods-fit360.release.xcconfig"; sourceTree = "<group>"; };
		86E64BDFB2EC39282037AB07 /* Pods-fit360.debug.xcconfig */ = {isa = PBXFileReference; includeInIndex = 1; lastKnownFileType = text.xcconfig; name = "Pods-fit360.debug.xcconfig"; path = "Pods/Target Support Files/Pods-fit360/Pods-fit360.debug.xcconfig"; sourceTree = "<group>"; };
		89FD41A3015DAB20C210F2D7 /* Pods_fit360UITests.framework */ = {isa = PBXFileReference; explicitFileType = wrapper.framework; includeInIndex = 0; path = Pods_fit360UITests.framework; sourceTree = BUILT_PRODUCTS_DIR; };
		CF2DE94A54A815EF5CD87D80 /* Pods-fit360Tests.debug.xcconfig */ = {isa = PBXFileReference; includeInIndex = 1; lastKnownFileType = text.xcconfig; name = "Pods-fit360Tests.debug.xcconfig"; path = "Pods/Target Support Files/Pods-fit360Tests/Pods-fit360Tests.debug.xcconfig"; sourceTree = "<group>"; };
		D41A831B1DBC1C8000283B26 /* DietCreationModel.swift */ = {isa = PBXFileReference; fileEncoding = 4; lastKnownFileType = sourcecode.swift; path = DietCreationModel.swift; sourceTree = "<group>"; };
		D437464B1DF7486700A60774 /* foodItemTests.swift */ = {isa = PBXFileReference; fileEncoding = 4; lastKnownFileType = sourcecode.swift; path = foodItemTests.swift; sourceTree = "<group>"; };
		D437464D1DF8C81700A60774 /* Meal.swift */ = {isa = PBXFileReference; fileEncoding = 4; lastKnownFileType = sourcecode.swift; path = Meal.swift; sourceTree = "<group>"; };
		D43746501DFB6E3A00A60774 /* mealTests.swift */ = {isa = PBXFileReference; fileEncoding = 4; lastKnownFileType = sourcecode.swift; path = mealTests.swift; sourceTree = "<group>"; };
		D45FF68E1DD25DE2003C0ED5 /* FoodItem.swift */ = {isa = PBXFileReference; fileEncoding = 4; lastKnownFileType = sourcecode.swift; path = FoodItem.swift; sourceTree = "<group>"; };
		D4792B911D9B201C000069B3 /* fit360.app */ = {isa = PBXFileReference; explicitFileType = wrapper.application; includeInIndex = 0; path = fit360.app; sourceTree = BUILT_PRODUCTS_DIR; };
		D4792B941D9B201C000069B3 /* AppDelegate.swift */ = {isa = PBXFileReference; lastKnownFileType = sourcecode.swift; path = AppDelegate.swift; sourceTree = "<group>"; };
		D4792B961D9B201C000069B3 /* DietCreationViewController.swift */ = {isa = PBXFileReference; lastKnownFileType = sourcecode.swift; path = DietCreationViewController.swift; sourceTree = "<group>"; };
		D4792B991D9B201C000069B3 /* Base */ = {isa = PBXFileReference; lastKnownFileType = file.storyboard; name = Base; path = Base.lproj/Main.storyboard; sourceTree = "<group>"; };
		D4792B9B1D9B201C000069B3 /* Assets.xcassets */ = {isa = PBXFileReference; lastKnownFileType = folder.assetcatalog; path = Assets.xcassets; sourceTree = "<group>"; };
		D4792B9E1D9B201C000069B3 /* Base */ = {isa = PBXFileReference; lastKnownFileType = file.storyboard; name = Base; path = Base.lproj/LaunchScreen.storyboard; sourceTree = "<group>"; };
		D4792BA01D9B201C000069B3 /* Info.plist */ = {isa = PBXFileReference; lastKnownFileType = text.plist.xml; path = Info.plist; sourceTree = "<group>"; };
		D4792BA51D9B201C000069B3 /* fit360Tests.xctest */ = {isa = PBXFileReference; explicitFileType = wrapper.cfbundle; includeInIndex = 0; path = fit360Tests.xctest; sourceTree = BUILT_PRODUCTS_DIR; };
		D4792BAB1D9B201C000069B3 /* Info.plist */ = {isa = PBXFileReference; lastKnownFileType = text.plist.xml; path = Info.plist; sourceTree = "<group>"; };
		D4792BB01D9B201C000069B3 /* fit360UITests.xctest */ = {isa = PBXFileReference; explicitFileType = wrapper.cfbundle; includeInIndex = 0; path = fit360UITests.xctest; sourceTree = BUILT_PRODUCTS_DIR; };
		D4792BB41D9B201C000069B3 /* fit360UITests.swift */ = {isa = PBXFileReference; lastKnownFileType = sourcecode.swift; path = fit360UITests.swift; sourceTree = "<group>"; };
		D4792BB61D9B201C000069B3 /* Info.plist */ = {isa = PBXFileReference; lastKnownFileType = text.plist.xml; path = Info.plist; sourceTree = "<group>"; };
		D4792BC21D9B20B2000069B3 /* GoogleService-Info.plist */ = {isa = PBXFileReference; fileEncoding = 4; lastKnownFileType = text.plist.xml; path = "GoogleService-Info.plist"; sourceTree = "<group>"; };
		D4CAADF11DFCBA0C001B80D9 /* Errors.swift */ = {isa = PBXFileReference; fileEncoding = 4; lastKnownFileType = sourcecode.swift; path = Errors.swift; sourceTree = "<group>"; };
		D4EA77E91E072FB400902CE9 /* MealPlanManager.swift */ = {isa = PBXFileReference; fileEncoding = 4; lastKnownFileType = sourcecode.swift; path = MealPlanManager.swift; sourceTree = "<group>"; };
		D4EA77EC1E072FED00902CE9 /* mealPlanManagerTests.swift */ = {isa = PBXFileReference; fileEncoding = 4; lastKnownFileType = sourcecode.swift; path = mealPlanManagerTests.swift; sourceTree = "<group>"; };
		D4EA77EE1E0D638400902CE9 /* MealPlan.swift */ = {isa = PBXFileReference; fileEncoding = 4; lastKnownFileType = sourcecode.swift; path = MealPlan.swift; sourceTree = "<group>"; };
		D7B271E4CD19335B3DE01254 /* Pods-fit360Tests.release.xcconfig */ = {isa = PBXFileReference; includeInIndex = 1; lastKnownFileType = text.xcconfig; name = "Pods-fit360Tests.release.xcconfig"; path = "Pods/Target Support Files/Pods-fit360Tests/Pods-fit360Tests.release.xcconfig"; sourceTree = "<group>"; };
		FA79012279A8E2D2110E9312 /* Pods-fit360UITests.debug.xcconfig */ = {isa = PBXFileReference; includeInIndex = 1; lastKnownFileType = text.xcconfig; name = "Pods-fit360UITests.debug.xcconfig"; path = "Pods/Target Support Files/Pods-fit360UITests/Pods-fit360UITests.debug.xcconfig"; sourceTree = "<group>"; };
		FE7AC86F6274FA14E23E91E8 /* Pods-fit360UITests.release.xcconfig */ = {isa = PBXFileReference; includeInIndex = 1; lastKnownFileType = text.xcconfig; name = "Pods-fit360UITests.release.xcconfig"; path = "Pods/Target Support Files/Pods-fit360UITests/Pods-fit360UITests.release.xcconfig"; sourceTree = "<group>"; };
/* End PBXFileReference section */

/* Begin PBXFrameworksBuildPhase section */
		D4792B8E1D9B201C000069B3 /* Frameworks */ = {
			isa = PBXFrameworksBuildPhase;
			buildActionMask = 2147483647;
			files = (
				F0056065E88EE8EAA5D175BE /* Pods_fit360.framework in Frameworks */,
			);
			runOnlyForDeploymentPostprocessing = 0;
		};
		D4792BA21D9B201C000069B3 /* Frameworks */ = {
			isa = PBXFrameworksBuildPhase;
			buildActionMask = 2147483647;
			files = (
				3B14C9D504FCF28B1F1D78C7 /* Pods_fit360Tests.framework in Frameworks */,
			);
			runOnlyForDeploymentPostprocessing = 0;
		};
		D4792BAD1D9B201C000069B3 /* Frameworks */ = {
			isa = PBXFrameworksBuildPhase;
			buildActionMask = 2147483647;
			files = (
				E481E4A4029879462507D0EE /* Pods_fit360UITests.framework in Frameworks */,
			);
			runOnlyForDeploymentPostprocessing = 0;
		};
/* End PBXFrameworksBuildPhase section */

/* Begin PBXGroup section */
		7B0F6F095ED5977DB1CB6347 /* Frameworks */ = {
			isa = PBXGroup;
			children = (
				2B55ED3095F379640DA87377 /* Pods_fit360.framework */,
				33DE0B7B08CEF0530788012A /* Pods_fit360Tests.framework */,
				89FD41A3015DAB20C210F2D7 /* Pods_fit360UITests.framework */,
			);
			name = Frameworks;
			sourceTree = "<group>";
		};
		D4792B881D9B201B000069B3 = {
			isa = PBXGroup;
			children = (
				D4792B931D9B201C000069B3 /* fit360 */,
				D4792BA81D9B201C000069B3 /* fit360Tests */,
				D4792BB31D9B201C000069B3 /* fit360UITests */,
				D4792B921D9B201C000069B3 /* Products */,
				E77ABCB9CB87B1F20BE9CD40 /* Pods */,
				7B0F6F095ED5977DB1CB6347 /* Frameworks */,
			);
			sourceTree = "<group>";
		};
		D4792B921D9B201C000069B3 /* Products */ = {
			isa = PBXGroup;
			children = (
				D4792B911D9B201C000069B3 /* fit360.app */,
				D4792BA51D9B201C000069B3 /* fit360Tests.xctest */,
				D4792BB01D9B201C000069B3 /* fit360UITests.xctest */,
			);
			name = Products;
			sourceTree = "<group>";
		};
		D4792B931D9B201C000069B3 /* fit360 */ = {
			isa = PBXGroup;
			children = (
				D4792B941D9B201C000069B3 /* AppDelegate.swift */,
				D4792B961D9B201C000069B3 /* DietCreationViewController.swift */,
				D4792B981D9B201C000069B3 /* Main.storyboard */,
				D4792B9B1D9B201C000069B3 /* Assets.xcassets */,
				D4792B9D1D9B201C000069B3 /* LaunchScreen.storyboard */,
				D4792BA01D9B201C000069B3 /* Info.plist */,
				D4792BC21D9B20B2000069B3 /* GoogleService-Info.plist */,
				D41A831B1DBC1C8000283B26 /* DietCreationModel.swift */,
				D45FF68E1DD25DE2003C0ED5 /* FoodItem.swift */,
				D437464D1DF8C81700A60774 /* Meal.swift */,
				D4CAADF11DFCBA0C001B80D9 /* Errors.swift */,
				D4EA77E91E072FB400902CE9 /* MealPlanManager.swift */,
				D4EA77EE1E0D638400902CE9 /* MealPlan.swift */,
			);
			path = fit360;
			sourceTree = "<group>";
		};
		D4792BA81D9B201C000069B3 /* fit360Tests */ = {
			isa = PBXGroup;
			children = (
				D4792BAB1D9B201C000069B3 /* Info.plist */,
				D437464B1DF7486700A60774 /* foodItemTests.swift */,
				D43746501DFB6E3A00A60774 /* mealTests.swift */,
				D4EA77EC1E072FED00902CE9 /* mealPlanManagerTests.swift */,
			);
			path = fit360Tests;
			sourceTree = "<group>";
		};
		D4792BB31D9B201C000069B3 /* fit360UITests */ = {
			isa = PBXGroup;
			children = (
				D4792BB41D9B201C000069B3 /* fit360UITests.swift */,
				D4792BB61D9B201C000069B3 /* Info.plist */,
			);
			path = fit360UITests;
			sourceTree = "<group>";
		};
		E77ABCB9CB87B1F20BE9CD40 /* Pods */ = {
			isa = PBXGroup;
			children = (
				86E64BDFB2EC39282037AB07 /* Pods-fit360.debug.xcconfig */,
				69853BC8045BDAA67F5E3EC7 /* Pods-fit360.release.xcconfig */,
				CF2DE94A54A815EF5CD87D80 /* Pods-fit360Tests.debug.xcconfig */,
				D7B271E4CD19335B3DE01254 /* Pods-fit360Tests.release.xcconfig */,
				FA79012279A8E2D2110E9312 /* Pods-fit360UITests.debug.xcconfig */,
				FE7AC86F6274FA14E23E91E8 /* Pods-fit360UITests.release.xcconfig */,
			);
			name = Pods;
			sourceTree = "<group>";
		};
/* End PBXGroup section */

/* Begin PBXNativeTarget section */
		D4792B901D9B201C000069B3 /* fit360 */ = {
			isa = PBXNativeTarget;
			buildConfigurationList = D4792BB91D9B201C000069B3 /* Build configuration list for PBXNativeTarget "fit360" */;
			buildPhases = (
				2FBF3FA7223F74DF0CFBEE4C /* [CP] Check Pods Manifest.lock */,
				D4792B8D1D9B201C000069B3 /* Sources */,
				D4792B8E1D9B201C000069B3 /* Frameworks */,
				D4792B8F1D9B201C000069B3 /* Resources */,
				9482EB1A8FDE9BF0D8875DD8 /* [CP] Embed Pods Frameworks */,
				DAD382329F4B0CE4F1C1A24D /* [CP] Copy Pods Resources */,
			);
			buildRules = (
			);
			dependencies = (
			);
			name = fit360;
			productName = fit360;
			productReference = D4792B911D9B201C000069B3 /* fit360.app */;
			productType = "com.apple.product-type.application";
		};
		D4792BA41D9B201C000069B3 /* fit360Tests */ = {
			isa = PBXNativeTarget;
			buildConfigurationList = D4792BBC1D9B201C000069B3 /* Build configuration list for PBXNativeTarget "fit360Tests" */;
			buildPhases = (
				838698CEE8C8551691CBF3BF /* [CP] Check Pods Manifest.lock */,
				D4792BA11D9B201C000069B3 /* Sources */,
				D4792BA21D9B201C000069B3 /* Frameworks */,
				D4792BA31D9B201C000069B3 /* Resources */,
				B45B22271F73702F9221011F /* [CP] Embed Pods Frameworks */,
				EFADD4776C20CA3B350513ED /* [CP] Copy Pods Resources */,
			);
			buildRules = (
			);
			dependencies = (
				D4792BA71D9B201C000069B3 /* PBXTargetDependency */,
			);
			name = fit360Tests;
			productName = fit360Tests;
			productReference = D4792BA51D9B201C000069B3 /* fit360Tests.xctest */;
			productType = "com.apple.product-type.bundle.unit-test";
		};
		D4792BAF1D9B201C000069B3 /* fit360UITests */ = {
			isa = PBXNativeTarget;
			buildConfigurationList = D4792BBF1D9B201C000069B3 /* Build configuration list for PBXNativeTarget "fit360UITests" */;
			buildPhases = (
				89A7686070A7A644B7712F2B /* [CP] Check Pods Manifest.lock */,
				D4792BAC1D9B201C000069B3 /* Sources */,
				D4792BAD1D9B201C000069B3 /* Frameworks */,
				D4792BAE1D9B201C000069B3 /* Resources */,
				E51704431D66BEC562D98281 /* [CP] Embed Pods Frameworks */,
				5DC7937CBFDA3373F0829D87 /* [CP] Copy Pods Resources */,
			);
			buildRules = (
			);
			dependencies = (
				D4792BB21D9B201C000069B3 /* PBXTargetDependency */,
			);
			name = fit360UITests;
			productName = fit360UITests;
			productReference = D4792BB01D9B201C000069B3 /* fit360UITests.xctest */;
			productType = "com.apple.product-type.bundle.ui-testing";
		};
/* End PBXNativeTarget section */

/* Begin PBXProject section */
		D4792B891D9B201B000069B3 /* Project object */ = {
			isa = PBXProject;
			attributes = {
				LastSwiftUpdateCheck = 0800;
				LastUpgradeCheck = 0800;
				ORGANIZATIONNAME = smallcity;
				TargetAttributes = {
					D4792B901D9B201C000069B3 = {
						CreatedOnToolsVersion = 8.0;
						ProvisioningStyle = Automatic;
					};
					D4792BA41D9B201C000069B3 = {
						CreatedOnToolsVersion = 8.0;
						ProvisioningStyle = Automatic;
						TestTargetID = D4792B901D9B201C000069B3;
					};
					D4792BAF1D9B201C000069B3 = {
						CreatedOnToolsVersion = 8.0;
						ProvisioningStyle = Automatic;
						TestTargetID = D4792B901D9B201C000069B3;
					};
				};
			};
			buildConfigurationList = D4792B8C1D9B201B000069B3 /* Build configuration list for PBXProject "fit360" */;
			compatibilityVersion = "Xcode 3.2";
			developmentRegion = English;
			hasScannedForEncodings = 0;
			knownRegions = (
				en,
				Base,
			);
			mainGroup = D4792B881D9B201B000069B3;
			productRefGroup = D4792B921D9B201C000069B3 /* Products */;
			projectDirPath = "";
			projectRoot = "";
			targets = (
				D4792B901D9B201C000069B3 /* fit360 */,
				D4792BA41D9B201C000069B3 /* fit360Tests */,
				D4792BAF1D9B201C000069B3 /* fit360UITests */,
			);
		};
/* End PBXProject section */

/* Begin PBXResourcesBuildPhase section */
		D4792B8F1D9B201C000069B3 /* Resources */ = {
			isa = PBXResourcesBuildPhase;
			buildActionMask = 2147483647;
			files = (
				D4792B9F1D9B201C000069B3 /* LaunchScreen.storyboard in Resources */,
				D4792BC31D9B20B2000069B3 /* GoogleService-Info.plist in Resources */,
				D4792B9C1D9B201C000069B3 /* Assets.xcassets in Resources */,
				D4792B9A1D9B201C000069B3 /* Main.storyboard in Resources */,
			);
			runOnlyForDeploymentPostprocessing = 0;
		};
		D4792BA31D9B201C000069B3 /* Resources */ = {
			isa = PBXResourcesBuildPhase;
			buildActionMask = 2147483647;
			files = (
			);
			runOnlyForDeploymentPostprocessing = 0;
		};
		D4792BAE1D9B201C000069B3 /* Resources */ = {
			isa = PBXResourcesBuildPhase;
			buildActionMask = 2147483647;
			files = (
			);
			runOnlyForDeploymentPostprocessing = 0;
		};
/* End PBXResourcesBuildPhase section */

/* Begin PBXShellScriptBuildPhase section */
		2FBF3FA7223F74DF0CFBEE4C /* [CP] Check Pods Manifest.lock */ = {
			isa = PBXShellScriptBuildPhase;
			buildActionMask = 2147483647;
			files = (
			);
			inputPaths = (
			);
			name = "[CP] Check Pods Manifest.lock";
			outputPaths = (
			);
			runOnlyForDeploymentPostprocessing = 0;
			shellPath = /bin/sh;
			shellScript = "diff \"${PODS_ROOT}/../Podfile.lock\" \"${PODS_ROOT}/Manifest.lock\" > /dev/null\nif [ $? != 0 ] ; then\n    # print error to STDERR\n    echo \"error: The sandbox is not in sync with the Podfile.lock. Run 'pod install' or update your CocoaPods installation.\" >&2\n    exit 1\nfi\n";
			showEnvVarsInLog = 0;
		};
		5DC7937CBFDA3373F0829D87 /* [CP] Copy Pods Resources */ = {
			isa = PBXShellScriptBuildPhase;
			buildActionMask = 2147483647;
			files = (
			);
			inputPaths = (
			);
			name = "[CP] Copy Pods Resources";
			outputPaths = (
			);
			runOnlyForDeploymentPostprocessing = 0;
			shellPath = /bin/sh;
			shellScript = "\"${SRCROOT}/Pods/Target Support Files/Pods-fit360UITests/Pods-fit360UITests-resources.sh\"\n";
			showEnvVarsInLog = 0;
		};
		838698CEE8C8551691CBF3BF /* [CP] Check Pods Manifest.lock */ = {
			isa = PBXShellScriptBuildPhase;
			buildActionMask = 2147483647;
			files = (
			);
			inputPaths = (
			);
			name = "[CP] Check Pods Manifest.lock";
			outputPaths = (
			);
			runOnlyForDeploymentPostprocessing = 0;
			shellPath = /bin/sh;
			shellScript = "diff \"${PODS_ROOT}/../Podfile.lock\" \"${PODS_ROOT}/Manifest.lock\" > /dev/null\nif [ $? != 0 ] ; then\n    # print error to STDERR\n    echo \"error: The sandbox is not in sync with the Podfile.lock. Run 'pod install' or update your CocoaPods installation.\" >&2\n    exit 1\nfi\n";
			showEnvVarsInLog = 0;
		};
		89A7686070A7A644B7712F2B /* [CP] Check Pods Manifest.lock */ = {
			isa = PBXShellScriptBuildPhase;
			buildActionMask = 2147483647;
			files = (
			);
			inputPaths = (
			);
			name = "[CP] Check Pods Manifest.lock";
			outputPaths = (
			);
			runOnlyForDeploymentPostprocessing = 0;
			shellPath = /bin/sh;
			shellScript = "diff \"${PODS_ROOT}/../Podfile.lock\" \"${PODS_ROOT}/Manifest.lock\" > /dev/null\nif [ $? != 0 ] ; then\n    # print error to STDERR\n    echo \"error: The sandbox is not in sync with the Podfile.lock. Run 'pod install' or update your CocoaPods installation.\" >&2\n    exit 1\nfi\n";
			showEnvVarsInLog = 0;
		};
		9482EB1A8FDE9BF0D8875DD8 /* [CP] Embed Pods Frameworks */ = {
			isa = PBXShellScriptBuildPhase;
			buildActionMask = 2147483647;
			files = (
			);
			inputPaths = (
			);
			name = "[CP] Embed Pods Frameworks";
			outputPaths = (
			);
			runOnlyForDeploymentPostprocessing = 0;
			shellPath = /bin/sh;
			shellScript = "\"${SRCROOT}/Pods/Target Support Files/Pods-fit360/Pods-fit360-frameworks.sh\"\n";
			showEnvVarsInLog = 0;
		};
		B45B22271F73702F9221011F /* [CP] Embed Pods Frameworks */ = {
			isa = PBXShellScriptBuildPhase;
			buildActionMask = 2147483647;
			files = (
			);
			inputPaths = (
			);
			name = "[CP] Embed Pods Frameworks";
			outputPaths = (
			);
			runOnlyForDeploymentPostprocessing = 0;
			shellPath = /bin/sh;
			shellScript = "\"${SRCROOT}/Pods/Target Support Files/Pods-fit360Tests/Pods-fit360Tests-frameworks.sh\"\n";
			showEnvVarsInLog = 0;
		};
		DAD382329F4B0CE4F1C1A24D /* [CP] Copy Pods Resources */ = {
			isa = PBXShellScriptBuildPhase;
			buildActionMask = 2147483647;
			files = (
			);
			inputPaths = (
			);
			name = "[CP] Copy Pods Resources";
			outputPaths = (
			);
			runOnlyForDeploymentPostprocessing = 0;
			shellPath = /bin/sh;
			shellScript = "\"${SRCROOT}/Pods/Target Support Files/Pods-fit360/Pods-fit360-resources.sh\"\n";
			showEnvVarsInLog = 0;
		};
		E51704431D66BEC562D98281 /* [CP] Embed Pods Frameworks */ = {
			isa = PBXShellScriptBuildPhase;
			buildActionMask = 2147483647;
			files = (
			);
			inputPaths = (
			);
			name = "[CP] Embed Pods Frameworks";
			outputPaths = (
			);
			runOnlyForDeploymentPostprocessing = 0;
			shellPath = /bin/sh;
			shellScript = "\"${SRCROOT}/Pods/Target Support Files/Pods-fit360UITests/Pods-fit360UITests-frameworks.sh\"\n";
			showEnvVarsInLog = 0;
		};
		EFADD4776C20CA3B350513ED /* [CP] Copy Pods Resources */ = {
			isa = PBXShellScriptBuildPhase;
			buildActionMask = 2147483647;
			files = (
			);
			inputPaths = (
			);
			name = "[CP] Copy Pods Resources";
			outputPaths = (
			);
			runOnlyForDeploymentPostprocessing = 0;
			shellPath = /bin/sh;
			shellScript = "\"${SRCROOT}/Pods/Target Support Files/Pods-fit360Tests/Pods-fit360Tests-resources.sh\"\n";
			showEnvVarsInLog = 0;
		};
/* End PBXShellScriptBuildPhase section */

/* Begin PBXSourcesBuildPhase section */
		D4792B8D1D9B201C000069B3 /* Sources */ = {
			isa = PBXSourcesBuildPhase;
			buildActionMask = 2147483647;
			files = (
				D437464E1DF8C81700A60774 /* Meal.swift in Sources */,
				D45FF68F1DD25DE2003C0ED5 /* FoodItem.swift in Sources */,
				D4792B971D9B201C000069B3 /* DietCreationViewController.swift in Sources */,
				D4EA77EF1E0D638400902CE9 /* MealPlan.swift in Sources */,
				D4792B951D9B201C000069B3 /* AppDelegate.swift in Sources */,
				D4CAADF21DFCBA0C001B80D9 /* Errors.swift in Sources */,
				D41A831C1DBC1C8000283B26 /* DietCreationModel.swift in Sources */,
				D4EA77EA1E072FB400902CE9 /* MealPlanManager.swift in Sources */,
			);
			runOnlyForDeploymentPostprocessing = 0;
		};
		D4792BA11D9B201C000069B3 /* Sources */ = {
			isa = PBXSourcesBuildPhase;
			buildActionMask = 2147483647;
			files = (
				D4CAADF01DFB7882001B80D9 /* FoodItem.swift in Sources */,
				D4EA77ED1E072FED00902CE9 /* mealPlanManagerTests.swift in Sources */,
				D4EA77EB1E072FBB00902CE9 /* MealPlanManager.swift in Sources */,
				D4EA77F01E0D638400902CE9 /* MealPlan.swift in Sources */,
				D4CAADF31DFCBA0C001B80D9 /* Errors.swift in Sources */,
				D437464F1DF8C81700A60774 /* Meal.swift in Sources */,
				D43746511DFB6E3A00A60774 /* mealTests.swift in Sources */,
				D437464C1DF7486700A60774 /* foodItemTests.swift in Sources */,
			);
			runOnlyForDeploymentPostprocessing = 0;
		};
		D4792BAC1D9B201C000069B3 /* Sources */ = {
			isa = PBXSourcesBuildPhase;
			buildActionMask = 2147483647;
			files = (
				D4CAADF41DFCBA0C001B80D9 /* Errors.swift in Sources */,
				D4792BB51D9B201C000069B3 /* fit360UITests.swift in Sources */,
			);
			runOnlyForDeploymentPostprocessing = 0;
		};
/* End PBXSourcesBuildPhase section */

/* Begin PBXTargetDependency section */
		D4792BA71D9B201C000069B3 /* PBXTargetDependency */ = {
			isa = PBXTargetDependency;
			target = D4792B901D9B201C000069B3 /* fit360 */;
			targetProxy = D4792BA61D9B201C000069B3 /* PBXContainerItemProxy */;
		};
		D4792BB21D9B201C000069B3 /* PBXTargetDependency */ = {
			isa = PBXTargetDependency;
			target = D4792B901D9B201C000069B3 /* fit360 */;
			targetProxy = D4792BB11D9B201C000069B3 /* PBXContainerItemProxy */;
		};
/* End PBXTargetDependency section */

/* Begin PBXVariantGroup section */
		D4792B981D9B201C000069B3 /* Main.storyboard */ = {
			isa = PBXVariantGroup;
			children = (
				D4792B991D9B201C000069B3 /* Base */,
			);
			name = Main.storyboard;
			sourceTree = "<group>";
		};
		D4792B9D1D9B201C000069B3 /* LaunchScreen.storyboard */ = {
			isa = PBXVariantGroup;
			children = (
				D4792B9E1D9B201C000069B3 /* Base */,
			);
			name = LaunchScreen.storyboard;
			sourceTree = "<group>";
		};
/* End PBXVariantGroup section */

/* Begin XCBuildConfiguration section */
		D4792BB71D9B201C000069B3 /* Debug */ = {
			isa = XCBuildConfiguration;
			buildSettings = {
				ALWAYS_SEARCH_USER_PATHS = NO;
				CLANG_ANALYZER_NONNULL = YES;
				CLANG_CXX_LANGUAGE_STANDARD = "gnu++0x";
				CLANG_CXX_LIBRARY = "libc++";
				CLANG_ENABLE_MODULES = YES;
				CLANG_ENABLE_OBJC_ARC = YES;
				CLANG_WARN_BOOL_CONVERSION = YES;
				CLANG_WARN_CONSTANT_CONVERSION = YES;
				CLANG_WARN_DIRECT_OBJC_ISA_USAGE = YES_ERROR;
				CLANG_WARN_DOCUMENTATION_COMMENTS = YES;
				CLANG_WARN_EMPTY_BODY = YES;
				CLANG_WARN_ENUM_CONVERSION = YES;
				CLANG_WARN_INFINITE_RECURSION = YES;
				CLANG_WARN_INT_CONVERSION = YES;
				CLANG_WARN_OBJC_ROOT_CLASS = YES_ERROR;
				CLANG_WARN_SUSPICIOUS_MOVE = YES;
				CLANG_WARN_SUSPICIOUS_MOVES = YES;
				CLANG_WARN_UNREACHABLE_CODE = YES;
				CLANG_WARN__DUPLICATE_METHOD_MATCH = YES;
				"CODE_SIGN_IDENTITY[sdk=iphoneos*]" = "iPhone Developer";
				COPY_PHASE_STRIP = NO;
				DEBUG_INFORMATION_FORMAT = dwarf;
				ENABLE_STRICT_OBJC_MSGSEND = YES;
				ENABLE_TESTABILITY = YES;
				GCC_C_LANGUAGE_STANDARD = gnu99;
				GCC_DYNAMIC_NO_PIC = NO;
				GCC_NO_COMMON_BLOCKS = YES;
				GCC_OPTIMIZATION_LEVEL = 0;
				GCC_PREPROCESSOR_DEFINITIONS = (
					"DEBUG=1",
					"$(inherited)",
				);
				GCC_WARN_64_TO_32_BIT_CONVERSION = YES;
				GCC_WARN_ABOUT_RETURN_TYPE = YES_ERROR;
				GCC_WARN_UNDECLARED_SELECTOR = YES;
				GCC_WARN_UNINITIALIZED_AUTOS = YES_AGGRESSIVE;
				GCC_WARN_UNUSED_FUNCTION = YES;
				GCC_WARN_UNUSED_VARIABLE = YES;
				IPHONEOS_DEPLOYMENT_TARGET = 10.0;
				MTL_ENABLE_DEBUG_INFO = YES;
				ONLY_ACTIVE_ARCH = YES;
				SDKROOT = iphoneos;
				SWIFT_ACTIVE_COMPILATION_CONDITIONS = DEBUG;
				SWIFT_OPTIMIZATION_LEVEL = "-Onone";
				TARGETED_DEVICE_FAMILY = "1,2";
			};
			name = Debug;
		};
		D4792BB81D9B201C000069B3 /* Release */ = {
			isa = XCBuildConfiguration;
			buildSettings = {
				ALWAYS_SEARCH_USER_PATHS = NO;
				CLANG_ANALYZER_NONNULL = YES;
				CLANG_CXX_LANGUAGE_STANDARD = "gnu++0x";
				CLANG_CXX_LIBRARY = "libc++";
				CLANG_ENABLE_MODULES = YES;
				CLANG_ENABLE_OBJC_ARC = YES;
				CLANG_WARN_BOOL_CONVERSION = YES;
				CLANG_WARN_CONSTANT_CONVERSION = YES;
				CLANG_WARN_DIRECT_OBJC_ISA_USAGE = YES_ERROR;
				CLANG_WARN_DOCUMENTATION_COMMENTS = YES;
				CLANG_WARN_EMPTY_BODY = YES;
				CLANG_WARN_ENUM_CONVERSION = YES;
				CLANG_WARN_INFINITE_RECURSION = YES;
				CLANG_WARN_INT_CONVERSION = YES;
				CLANG_WARN_OBJC_ROOT_CLASS = YES_ERROR;
				CLANG_WARN_SUSPICIOUS_MOVE = YES;
				CLANG_WARN_SUSPICIOUS_MOVES = YES;
				CLANG_WARN_UNREACHABLE_CODE = YES;
				CLANG_WARN__DUPLICATE_METHOD_MATCH = YES;
				"CODE_SIGN_IDENTITY[sdk=iphoneos*]" = "iPhone Developer";
				COPY_PHASE_STRIP = NO;
				DEBUG_INFORMATION_FORMAT = "dwarf-with-dsym";
				ENABLE_NS_ASSERTIONS = NO;
				ENABLE_STRICT_OBJC_MSGSEND = YES;
				GCC_C_LANGUAGE_STANDARD = gnu99;
				GCC_NO_COMMON_BLOCKS = YES;
				GCC_WARN_64_TO_32_BIT_CONVERSION = YES;
				GCC_WARN_ABOUT_RETURN_TYPE = YES_ERROR;
				GCC_WARN_UNDECLARED_SELECTOR = YES;
				GCC_WARN_UNINITIALIZED_AUTOS = YES_AGGRESSIVE;
				GCC_WARN_UNUSED_FUNCTION = YES;
				GCC_WARN_UNUSED_VARIABLE = YES;
				IPHONEOS_DEPLOYMENT_TARGET = 10.0;
				MTL_ENABLE_DEBUG_INFO = NO;
				SDKROOT = iphoneos;
				SWIFT_OPTIMIZATION_LEVEL = "-Owholemodule";
				TARGETED_DEVICE_FAMILY = "1,2";
				VALIDATE_PRODUCT = YES;
			};
			name = Release;
		};
		D4792BBA1D9B201C000069B3 /* Debug */ = {
			isa = XCBuildConfiguration;
			baseConfigurationReference = 86E64BDFB2EC39282037AB07 /* Pods-fit360.debug.xcconfig */;
			buildSettings = {
				ASSETCATALOG_COMPILER_APPICON_NAME = AppIcon;
				INFOPLIST_FILE = fit360/Info.plist;
				LD_RUNPATH_SEARCH_PATHS = "$(inherited) @executable_path/Frameworks";
				PRODUCT_BUNDLE_IDENTIFIER = SmallCity.fit360;
				PRODUCT_NAME = "$(TARGET_NAME)";
				SWIFT_VERSION = 3.0;
			};
			name = Debug;
		};
		D4792BBB1D9B201C000069B3 /* Release */ = {
			isa = XCBuildConfiguration;
			baseConfigurationReference = 69853BC8045BDAA67F5E3EC7 /* Pods-fit360.release.xcconfig */;
			buildSettings = {
				ASSETCATALOG_COMPILER_APPICON_NAME = AppIcon;
				INFOPLIST_FILE = fit360/Info.plist;
				LD_RUNPATH_SEARCH_PATHS = "$(inherited) @executable_path/Frameworks";
				PRODUCT_BUNDLE_IDENTIFIER = SmallCity.fit360;
				PRODUCT_NAME = "$(TARGET_NAME)";
				SWIFT_VERSION = 3.0;
			};
			name = Release;
		};
		D4792BBD1D9B201C000069B3 /* Debug */ = {
			isa = XCBuildConfiguration;
			baseConfigurationReference = CF2DE94A54A815EF5CD87D80 /* Pods-fit360Tests.debug.xcconfig */;
			buildSettings = {
				ALWAYS_EMBED_SWIFT_STANDARD_LIBRARIES = YES;
				BUNDLE_LOADER = "$(TEST_HOST)";
				INFOPLIST_FILE = fit360Tests/Info.plist;
				LD_RUNPATH_SEARCH_PATHS = "$(inherited) @executable_path/Frameworks @loader_path/Frameworks";
				PRODUCT_BUNDLE_IDENTIFIER = SmallCity.fit360Tests;
				PRODUCT_NAME = "$(TARGET_NAME)";
				SWIFT_VERSION = 3.0;
				TEST_HOST = "$(BUILT_PRODUCTS_DIR)/fit360.app/fit360";
			};
			name = Debug;
		};
		D4792BBE1D9B201C000069B3 /* Release */ = {
			isa = XCBuildConfiguration;
			baseConfigurationReference = D7B271E4CD19335B3DE01254 /* Pods-fit360Tests.release.xcconfig */;
			buildSettings = {
				ALWAYS_EMBED_SWIFT_STANDARD_LIBRARIES = YES;
				BUNDLE_LOADER = "$(TEST_HOST)";
				INFOPLIST_FILE = fit360Tests/Info.plist;
				LD_RUNPATH_SEARCH_PATHS = "$(inherited) @executable_path/Frameworks @loader_path/Frameworks";
				PRODUCT_BUNDLE_IDENTIFIER = SmallCity.fit360Tests;
				PRODUCT_NAME = "$(TARGET_NAME)";
				SWIFT_VERSION = 3.0;
				TEST_HOST = "$(BUILT_PRODUCTS_DIR)/fit360.app/fit360";
			};
			name = Release;
		};
		D4792BC01D9B201C000069B3 /* Debug */ = {
			isa = XCBuildConfiguration;
			baseConfigurationReference = FA79012279A8E2D2110E9312 /* Pods-fit360UITests.debug.xcconfig */;
			buildSettings = {
				ALWAYS_EMBED_SWIFT_STANDARD_LIBRARIES = YES;
				INFOPLIST_FILE = fit360UITests/Info.plist;
				LD_RUNPATH_SEARCH_PATHS = "$(inherited) @executable_path/Frameworks @loader_path/Frameworks";
				PRODUCT_BUNDLE_IDENTIFIER = SmallCity.fit360UITests;
				PRODUCT_NAME = "$(TARGET_NAME)";
				SWIFT_VERSION = 3.0;
				TEST_TARGET_NAME = fit360;
			};
			name = Debug;
		};
		D4792BC11D9B201C000069B3 /* Release */ = {
			isa = XCBuildConfiguration;
			baseConfigurationReference = FE7AC86F6274FA14E23E91E8 /* Pods-fit360UITests.release.xcconfig */;
			buildSettings = {
				ALWAYS_EMBED_SWIFT_STANDARD_LIBRARIES = YES;
				INFOPLIST_FILE = fit360UITests/Info.plist;
				LD_RUNPATH_SEARCH_PATHS = "$(inherited) @executable_path/Frameworks @loader_path/Frameworks";
				PRODUCT_BUNDLE_IDENTIFIER = SmallCity.fit360UITests;
				PRODUCT_NAME = "$(TARGET_NAME)";
				SWIFT_VERSION = 3.0;
				TEST_TARGET_NAME = fit360;
			};
			name = Release;
		};
/* End XCBuildConfiguration section */

/* Begin XCConfigurationList section */
		D4792B8C1D9B201B000069B3 /* Build configuration list for PBXProject "fit360" */ = {
			isa = XCConfigurationList;
			buildConfigurations = (
				D4792BB71D9B201C000069B3 /* Debug */,
				D4792BB81D9B201C000069B3 /* Release */,
			);
			defaultConfigurationIsVisible = 0;
			defaultConfigurationName = Release;
		};
		D4792BB91D9B201C000069B3 /* Build configuration list for PBXNativeTarget "fit360" */ = {
			isa = XCConfigurationList;
			buildConfigurations = (
				D4792BBA1D9B201C000069B3 /* Debug */,
				D4792BBB1D9B201C000069B3 /* Release */,
			);
			defaultConfigurationIsVisible = 0;
			defaultConfigurationName = Release;
		};
		D4792BBC1D9B201C000069B3 /* Build configuration list for PBXNativeTarget "fit360Tests" */ = {
			isa = XCConfigurationList;
			buildConfigurations = (
				D4792BBD1D9B201C000069B3 /* Debug */,
				D4792BBE1D9B201C000069B3 /* Release */,
			);
			defaultConfigurationIsVisible = 0;
			defaultConfigurationName = Release;
		};
		D4792BBF1D9B201C000069B3 /* Build configuration list for PBXNativeTarget "fit360UITests" */ = {
			isa = XCConfigurationList;
			buildConfigurations = (
				D4792BC01D9B201C000069B3 /* Debug */,
				D4792BC11D9B201C000069B3 /* Release */,
			);
			defaultConfigurationIsVisible = 0;
			defaultConfigurationName = Release;
		};
/* End XCConfigurationList section */
	};
	rootObject = D4792B891D9B201B000069B3 /* Project object */;
}
