<?xml version="1.0" encoding="UTF-8"?>
<Scheme
   version = "1.3">
   <BuildAction>
      <BuildActionEntries>
         <BuildActionEntry
            buildForRunning = "YES"
            buildForTesting = "YES">
            <BuildableReference
               BuildableIdentifier = "primary"
               BlueprintIdentifier = "D4792BA41D9B201C000069B3"
               BuildableName = "fit360Tests.xctest"
               BlueprintName = "fit360Tests"
               ReferencedContainer = "container:fit360.xcodeproj">
            </BuildableReference>
         </BuildActionEntry>
      </BuildActionEntries>
   </BuildAction>
   <TestAction
      buildConfiguration = "Debug">
      <Testables>
         <TestableReference>
            <BuildableReference
               BuildableIdentifier = "primary"
               BlueprintIdentifier = "D4792BA41D9B201C000069B3"
               BuildableName = "fit360Tests.xctest"
               BlueprintName = "fit360Tests"
               ReferencedContainer = "container:fit360.xcodeproj">
            </BuildableReference>
            <SkippedTests>
               <Test
                  Identifier = "mealTests">
               </Test>
            </SkippedTests>
         </TestableReference>
      </Testables>
   </TestAction>
   <LaunchAction
      useCustomWorkingDirectory = "NO">
   </LaunchAction>
</Scheme>
